<Solution>
  <Project Path="../Atividade-emGrupo/Atividade-emGrupo.csproj" Id="f6d97757-dd03-4059-b7d1-c6fe01f097c9" />
  <Project Path="../ExerciciosSimples/ExerciciosSimples.csproj" Id="d0ef8cd2-208d-4ce4-9e52-2d472070bc06" />
  <Project Path="../Exercicio_de_Repetição/Exercicio_de_Repetição.csproj" Id="85c300d1-cc80-47df-a044-525fd00a69e2" />
  <Project Path="fundamentosC#.csproj" />
</Solution>
